
Microsoft Visual Studio Solution File, Format Version 12.00
# Visual Studio Version 17
VisualStudioVersion = 17.6.33829.357
MinimumVisualStudioVersion = 10.0.40219.1
Project("{FAE04EC0-301F-11D3-BF4B-00C04F79EFBC}") = "SimpleEmail", "SimpleEmail.csproj", "{DF5B9615-8CE7-41A9-A6EC-E12B25E8D397}"
EndProject
Global
	GlobalSection(SolutionConfigurationPlatforms) = preSolution
		Debug|Any CPU = Debug|Any CPU
		Release|Any CPU = Release|Any CPU
	EndGlobalSection
	GlobalSection(ProjectConfigurationPlatforms) = postSolution
		{DF5B9615-8CE7-41A9-A6EC-E12B25E8D397}.Debug|Any CPU.ActiveCfg = Debug|Any CPU
		{DF5B9615-8CE7-41A9-A6EC-E12B25E8D397}.Debug|Any CPU.Build.0 = Debug|Any CPU
		{DF5B9615-8CE7-41A9-A6EC-E12B25E8D397}.Release|Any CPU.ActiveCfg = Release|Any CPU
		{DF5B9615-8CE7-41A9-A6EC-E12B25E8D397}.Release|Any CPU.Build.0 = Release|Any CPU
	EndGlobalSection
	GlobalSection(SolutionProperties) = preSolution
		HideSolutionNode = FALSE
	EndGlobalSection
	GlobalSection(ExtensibilityGlobals) = postSolution
		SolutionGuid = {B8C4AE93-15EA-4309-A624-F0F914565791}
	EndGlobalSection
EndGlobal
